<?xml version="1.0" encoding="utf-8"?>
<Project ToolsVersion="4.0" xmlns="http://schemas.microsoft.com/developer/msbuild/2003">
  <ItemGroup>
    <Filter Include="Source Files">
      <UniqueIdentifier>{4FC737F1-C7A5-4376-A066-2A32D752A2FF}</UniqueIdentifier>
      <Extensions>cpp;c;cc;cxx;c++;def;odl;idl;hpj;bat;asm;asmx</Extensions>
    </Filter>
    <Filter Include="Header Files">
      <UniqueIdentifier>{93995380-89BD-4b04-88EB-625FBE52EBFB}</UniqueIdentifier>
      <Extensions>h;hh;hpp;hxx;h++;hm;inl;inc;ipp;xsd</Extensions>
    </Filter>
    <Filter Include="Resource Files">
      <UniqueIdentifier>{67DA6AB6-F800-4c08-8B7A-83BB121AAD01}</UniqueIdentifier>
      <Extensions>rc;ico;cur;bmp;dlg;rc2;rct;bin;rgs;gif;jpg;jpeg;jpe;resx;tiff;tif;png;wav;mfcribbon-ms</Extensions>
    </Filter>
    <Filter Include="Header Files\Server">
      <UniqueIdentifier>{319f04ff-3de3-4bcf-8e2b-c5958ee2859f}</UniqueIdentifier>
    </Filter>
    <Filter Include="Source Files\Server">
      <UniqueIdentifier>{752974d0-ad08-45b1-a1e7-3cec0b2b45a1}</UniqueIdentifier>
    </Filter>
    <Filter Include="Header Files\Threading">
      <UniqueIdentifier>{df9f066b-8ba5-473f-a0aa-7b025b18c2d7}</UniqueIdentifier>
    </Filter>
    <Filter Include="Header Files\Properties">
      <UniqueIdentifier>{014b521b-90eb-489d-b371-a4d3ae1a6e9e}</UniqueIdentifier>
    </Filter>
    <Filter Include="Header Files\Client">
      <UniqueIdentifier>{45a72403-dd35-4e31-a389-8fe3612b15e3}</UniqueIdentifier>
    </Filter>
    <Filter Include="Source Files\Client">
      <UniqueIdentifier>{7b070055-61dc-481c-88c0-8a01c17f1137}</UniqueIdentifier>
    </Filter>
    <Filter Include="Header Files\RPC">
      <UniqueIdentifier>{67f91d9b-4f1e-4b7d-a1a3-a11997a17b56}</UniqueIdentifier>
    </Filter>
  </ItemGroup>
  <ItemGroup>
    <ClInclude Include="include/framework.h">
      <Filter>Header Files</Filter>
    </ClInclude>
    <ClInclude Include="include\EntityController.h">
      <Filter>Header Files</Filter>
    </ClInclude>
    <ClInclude Include="include\World.h">
      <Filter>Header Files</Filter>
    </ClInclude>
    <ClInclude Include="include\Entity.h">
      <Filter>Header Files</Filter>
    </ClInclude>
    <ClInclude Include="include\EntityNetwork.h">
      <Filter>Header Files</Filter>
    </ClInclude>
    <ClInclude Include="include\server\ServerWorld.h">
      <Filter>Header Files\Server</Filter>
    </ClInclude>
    <ClInclude Include="include\server\ServerEntityController.h">
      <Filter>Header Files\Server</Filter>
    </ClInclude>
    <ClInclude Include="include\MutexedMap.h">
      <Filter>Header Files\Threading</Filter>
    </ClInclude>
    <ClInclude Include="include\MutexedMessageBuffer.h">
      <Filter>Header Files\Threading</Filter>
    </ClInclude>
    <ClInclude Include="include\MutexedVector.h">
      <Filter>Header Files\Threading</Filter>
    </ClInclude>
    <ClInclude Include="include\ThreadTools.h">
      <Filter>Header Files\Threading</Filter>
    </ClInclude>
    <ClInclude Include="include\PropertyData.h">
      <Filter>Header Files\Properties</Filter>
    </ClInclude>
    <ClInclude Include="include\PropertyDescriptor.h">
      <Filter>Header Files\Properties</Filter>
    </ClInclude>
    <ClInclude Include="include\EventList.h">
      <Filter>Header Files</Filter>
    </ClInclude>
    <ClInclude Include="include\client\ClientWorld.h">
      <Filter>Header Files\Client</Filter>
    </ClInclude>
    <ClInclude Include="include\client\ClientEntityController.h">
      <Filter>Header Files\Client</Filter>
    </ClInclude>
    <ClInclude Include="include\RemoteProcedureDescriptor.h">
      <Filter>Header Files\RPC</Filter>
    </ClInclude>
    <ClInclude Include="include\EntityDescriptor.h">
      <Filter>Header Files</Filter>
    </ClInclude>
    <ClInclude Include="include\Messages.h">
      <Filter>Header Files</Filter>
    </ClInclude>
  </ItemGroup>
  <ItemGroup>
    <ClCompile Include="EntityNetwork.cpp">
      <Filter>Source Files</Filter>
    </ClCompile>
    <ClCompile Include="World.cpp">
      <Filter>Source Files</Filter>
    </ClCompile>
    <ClCompile Include="EntityController.cpp">
      <Filter>Source Files</Filter>
    </ClCompile>
    <ClCompile Include="ServerWorld.cpp">
      <Filter>Source Files\Server</Filter>
    </ClCompile>
    <ClCompile Include="ServerEntityController.cpp">
      <Filter>Source Files\Server</Filter>
    </ClCompile>
    <ClCompile Include="ClientWorld.cpp">
      <Filter>Source Files\Client</Filter>
    </ClCompile>
    <ClCompile Include="Entity.cpp">
      <Filter>Source Files</Filter>
    </ClCompile>
    <ClCompile Include="ServerWorld.Entities.cpp">
      <Filter>Source Files\Server</Filter>
    </ClCompile>
    <ClCompile Include="ServerWorld.Controllers.cpp">
      <Filter>Source Files\Server</Filter>
    </ClCompile>
    <ClCompile Include="ServerWorld.RPC.cpp">
      <Filter>Source Files\Server</Filter>
    </ClCompile>
    <ClCompile Include="ServerWorld.WorldData.cpp">
      <Filter>Source Files\Server</Filter>
    </ClCompile>
    <ClCompile Include="ClientWorld.Controllers.cpp">
      <Filter>Source Files\Client</Filter>
    </ClCompile>
    <ClCompile Include="ClientWorld.RPC.cpp">
      <Filter>Source Files\Client</Filter>
    </ClCompile>
    <ClCompile Include="ClientWorld.Entities.cpp">
      <Filter>Source Files\Client</Filter>
    </ClCompile>
  </ItemGroup>
  <ItemGroup>
    <None Include="EntityNetwork.licenseheader" />
  </ItemGroup>
</Project>